dependencies:
- name: common
  repository: https://charts.bitnami.com/bitnami
  version: 2.40.0
- name: backstage
  repository: file://./vendor/backstage/charts/backstage/
  version: 2.10.1
digest: sha256:aa1d17055cd60c0e1965131baa4df38c8f236824d15e6c5a7b134e330298cbfe
generated: "2026-09-21T08:44:12.503173101Z"
